{
  "name": "Lab 5",
  "lockfileVersion": 3,
  "requires": true,
  "packages": {
    "": {
      "dependencies": {
        "lodah": "^0.0.1-security",
        "lodash": "^4.17.21"
      }
    },
    "node_modules/lodah": {
      "version": "0.0.1-security",
      "resolved": "https://registry.npmjs.org/lodah/-/lodah-0.0.1-security.tgz",
      "integrity": "sha512-vYIu+wOZWe1jM5CnLbg7jsRQfUYg11x0ua+eMr8shDO5AKUjt4tzM/vLe3BXLmG+kJBe56aW+AXEWr8eWMUFnQ=="
    },
    "node_modules/lodash": {
      "version": "4.17.21",
      "resolved": "https://registry.npmjs.org/lodash/-/lodash-4.17.21.tgz",
      "integrity": "sha512-v2kDEe57lecTulaDIuNTPy3Ry4gLGJ6Z1O3vE1krgXZNrsQ+LFTGHVxVjcXPs17LhbZVGedAJv8XZ1tvj5FvSg==",
      "license": "MIT"
    }
  }
}
